// !$*UTF8*$!
{
	archiveVersion = 1;
	classes = {
	};
	objectVersion = 55;
	objects = {

/* Begin PBXBuildFile section */
		38D622C9608C622E6F530716 /* Pods_TwittermentiApp.framework in Frameworks */ = {isa = PBXBuildFile; fileRef = 4D7BC513A02B163B156B5D80 /* Pods_TwittermentiApp.framework */; };
		B209414828D25611003AEA25 /* AppDelegate.swift in Sources */ = {isa = PBXBuildFile; fileRef = B209414728D25611003AEA25 /* AppDelegate.swift */; };
		B209414A28D25611003AEA25 /* SceneDelegate.swift in Sources */ = {isa = PBXBuildFile; fileRef = B209414928D25611003AEA25 /* SceneDelegate.swift */; };
		B209414C28D25611003AEA25 /* ViewController.swift in Sources */ = {isa = PBXBuildFile; fileRef = B209414B28D25611003AEA25 /* ViewController.swift */; };
		B209414F28D25611003AEA25 /* Main.storyboard in Resources */ = {isa = PBXBuildFile; fileRef = B209414D28D25611003AEA25 /* Main.storyboard */; };
		B209415128D25613003AEA25 /* Assets.xcassets in Resources */ = {isa = PBXBuildFile; fileRef = B209415028D25613003AEA25 /* Assets.xcassets */; };
		B209415428D25613003AEA25 /* LaunchScreen.storyboard in Resources */ = {isa = PBXBuildFile; fileRef = B209415228D25613003AEA25 /* LaunchScreen.storyboard */; };
		B209415C28D267D5003AEA25 /* TextClassifier.mlmodel in Sources */ = {isa = PBXBuildFile; fileRef = B209415B28D267D5003AEA25 /* TextClassifier.mlmodel */; };
		B209417028D26A34003AEA25 /* SwifteriOS.framework in Frameworks */ = {isa = PBXBuildFile; fileRef = B209416628D269F6003AEA25 /* SwifteriOS.framework */; };
		B209417128D26A35003AEA25 /* SwifteriOS.framework in Embed Frameworks */ = {isa = PBXBuildFile; fileRef = B209416628D269F6003AEA25 /* SwifteriOS.framework */; settings = {ATTRIBUTES = (CodeSignOnCopy, RemoveHeadersOnCopy, ); }; };
/* End PBXBuildFile section */

/* Begin PBXContainerItemProxy section */
		B209416528D269F6003AEA25 /* PBXContainerItemProxy */ = {
			isa = PBXContainerItemProxy;
			containerPortal = B209415D28D269F5003AEA25 /* Swifter.xcodeproj */;
			proxyType = 2;
			remoteGlobalIDString = 8B9F50EE1944A5AB00894629;
			remoteInfo = SwifteriOS;
		};
		B209416728D269F6003AEA25 /* PBXContainerItemProxy */ = {
			isa = PBXContainerItemProxy;
			containerPortal = B209415D28D269F5003AEA25 /* Swifter.xcodeproj */;
			proxyType = 2;
			remoteGlobalIDString = 8B9F51131944A61D00894629;
			remoteInfo = SwifterMac;
		};
		B209416928D269F6003AEA25 /* PBXContainerItemProxy */ = {
			isa = PBXContainerItemProxy;
			containerPortal = B209415D28D269F5003AEA25 /* Swifter.xcodeproj */;
			proxyType = 2;
			remoteGlobalIDString = 8B300C1F1944AA1A00993175;
			remoteInfo = SwifterDemoiOS;
		};
		B209416B28D269F6003AEA25 /* PBXContainerItemProxy */ = {
			isa = PBXContainerItemProxy;
			containerPortal = B209415D28D269F5003AEA25 /* Swifter.xcodeproj */;
			proxyType = 2;
			remoteGlobalIDString = 8B300C471944AECB00993175;
			remoteInfo = SwifterDemoMac;
		};
		B209416D28D269F6003AEA25 /* PBXContainerItemProxy */ = {
			isa = PBXContainerItemProxy;
			containerPortal = B209415D28D269F5003AEA25 /* Swifter.xcodeproj */;
			proxyType = 2;
			remoteGlobalIDString = F6B4D5751C7BAC4500E06514;
			remoteInfo = SwifterTests;
		};
/* End PBXContainerItemProxy section */

/* Begin PBXCopyFilesBuildPhase section */
		B209417228D26A35003AEA25 /* Embed Frameworks */ = {
			isa = PBXCopyFilesBuildPhase;
			buildActionMask = 2147483647;
			dstPath = "";
			dstSubfolderSpec = 10;
			files = (
				B209417128D26A35003AEA25 /* SwifteriOS.framework in Embed Frameworks */,
			);
			name = "Embed Frameworks";
			runOnlyForDeploymentPostprocessing = 0;
		};
/* End PBXCopyFilesBuildPhase section */

/* Begin PBXFileReference section */
		4D7BC513A02B163B156B5D80 /* Pods_TwittermentiApp.framework */ = {isa = PBXFileReference; explicitFileType = wrapper.framework; includeInIndex = 0; path = Pods_TwittermentiApp.framework; sourceTree = BUILT_PRODUCTS_DIR; };
		78B968D040A3A2E03C5B44F5 /* Pods-TwittermentiApp.release.xcconfig */ = {isa = PBXFileReference; includeInIndex = 1; lastKnownFileType = text.xcconfig; name = "Pods-TwittermentiApp.release.xcconfig"; path = "Target Support Files/Pods-TwittermentiApp/Pods-TwittermentiApp.release.xcconfig"; sourceTree = "<group>"; };
		9D11C73B2D3D8CFCB23F29F4 /* Pods-TwittermentiApp.debug.xcconfig */ = {isa = PBXFileReference; includeInIndex = 1; lastKnownFileType = text.xcconfig; name = "Pods-TwittermentiApp.debug.xcconfig"; path = "Target Support Files/Pods-TwittermentiApp/Pods-TwittermentiApp.debug.xcconfig"; sourceTree = "<group>"; };
		B209414428D25611003AEA25 /* TwittermentiApp.app */ = {isa = PBXFileReference; explicitFileType = wrapper.application; includeInIndex = 0; path = TwittermentiApp.app; sourceTree = BUILT_PRODUCTS_DIR; };
		B209414728D25611003AEA25 /* AppDelegate.swift */ = {isa = PBXFileReference; lastKnownFileType = sourcecode.swift; path = AppDelegate.swift; sourceTree = "<group>"; };
		B209414928D25611003AEA25 /* SceneDelegate.swift */ = {isa = PBXFileReference; lastKnownFileType = sourcecode.swift; path = SceneDelegate.swift; sourceTree = "<group>"; };
		B209414B28D25611003AEA25 /* ViewController.swift */ = {isa = PBXFileReference; lastKnownFileType = sourcecode.swift; path = ViewController.swift; sourceTree = "<group>"; };
		B209414E28D25611003AEA25 /* Base */ = {isa = PBXFileReference; lastKnownFileType = file.storyboard; name = Base; path = Base.lproj/Main.storyboard; sourceTree = "<group>"; };
		B209415028D25613003AEA25 /* Assets.xcassets */ = {isa = PBXFileReference; lastKnownFileType = folder.assetcatalog; path = Assets.xcassets; sourceTree = "<group>"; };
		B209415328D25613003AEA25 /* Base */ = {isa = PBXFileReference; lastKnownFileType = file.storyboard; name = Base; path = Base.lproj/LaunchScreen.storyboard; sourceTree = "<group>"; };
		B209415528D25613003AEA25 /* Info.plist */ = {isa = PBXFileReference; lastKnownFileType = text.plist.xml; path = Info.plist; sourceTree = "<group>"; };
		B209415B28D267D5003AEA25 /* TextClassifier.mlmodel */ = {isa = PBXFileReference; lastKnownFileType = file.mlmodel; path = TextClassifier.mlmodel; sourceTree = "<group>"; };
		B209415D28D269F5003AEA25 /* Swifter.xcodeproj */ = {isa = PBXFileReference; lastKnownFileType = "wrapper.pb-project"; name = Swifter.xcodeproj; path = ../Swifter/Swifter.xcodeproj; sourceTree = "<group>"; };
/* End PBXFileReference section */

/* Begin PBXFrameworksBuildPhase section */
		B209414128D25611003AEA25 /* Frameworks */ = {
			isa = PBXFrameworksBuildPhase;
			buildActionMask = 2147483647;
			files = (
				B209417028D26A34003AEA25 /* SwifteriOS.framework in Frameworks */,
				38D622C9608C622E6F530716 /* Pods_TwittermentiApp.framework in Frameworks */,
			);
			runOnlyForDeploymentPostprocessing = 0;
		};
/* End PBXFrameworksBuildPhase section */

/* Begin PBXGroup section */
		05A19EA456CE046E475BAC1F /* Pods */ = {
			isa = PBXGroup;
			children = (
				9D11C73B2D3D8CFCB23F29F4 /* Pods-TwittermentiApp.debug.xcconfig */,
				78B968D040A3A2E03C5B44F5 /* Pods-TwittermentiApp.release.xcconfig */,
			);
			name = Pods;
			path = Pods;
			sourceTree = "<group>";
		};
		B209413B28D25611003AEA25 = {
			isa = PBXGroup;
			children = (
				B209415D28D269F5003AEA25 /* Swifter.xcodeproj */,
				B209414628D25611003AEA25 /* TwittermentiApp */,
				B209414528D25611003AEA25 /* Products */,
				B209416F28D26A34003AEA25 /* Frameworks */,
				05A19EA456CE046E475BAC1F /* Pods */,
			);
			sourceTree = "<group>";
		};
		B209414528D25611003AEA25 /* Products */ = {
			isa = PBXGroup;
			children = (
				B209414428D25611003AEA25 /* TwittermentiApp.app */,
			);
			name = Products;
			sourceTree = "<group>";
		};
		B209414628D25611003AEA25 /* TwittermentiApp */ = {
			isa = PBXGroup;
			children = (
				B209414728D25611003AEA25 /* AppDelegate.swift */,
				B209414928D25611003AEA25 /* SceneDelegate.swift */,
				B209414B28D25611003AEA25 /* ViewController.swift */,
				B209414D28D25611003AEA25 /* Main.storyboard */,
				B209415028D25613003AEA25 /* Assets.xcassets */,
				B209415228D25613003AEA25 /* LaunchScreen.storyboard */,
				B209415528D25613003AEA25 /* Info.plist */,
				B209415B28D267D5003AEA25 /* TextClassifier.mlmodel */,
			);
			path = TwittermentiApp;
			sourceTree = "<group>";
		};
		B209415E28D269F5003AEA25 /* Products */ = {
			isa = PBXGroup;
			children = (
				B209416628D269F6003AEA25 /* SwifteriOS.framework */,
				B209416828D269F6003AEA25 /* SwifterMac.framework */,
				B209416A28D269F6003AEA25 /* SwifterDemoiOS.app */,
				B209416C28D269F6003AEA25 /* SwifterDemoMac.app */,
				B209416E28D269F6003AEA25 /* SwifterTests.xctest */,
			);
			name = Products;
			sourceTree = "<group>";
		};
		B209416F28D26A34003AEA25 /* Frameworks */ = {
			isa = PBXGroup;
			children = (
				4D7BC513A02B163B156B5D80 /* Pods_TwittermentiApp.framework */,
			);
			name = Frameworks;
			sourceTree = "<group>";
		};
/* End PBXGroup section */

/* Begin PBXNativeTarget section */
		B209414328D25611003AEA25 /* TwittermentiApp */ = {
			isa = PBXNativeTarget;
			buildConfigurationList = B209415828D25613003AEA25 /* Build configuration list for PBXNativeTarget "TwittermentiApp" */;
			buildPhases = (
				88DB336EED087472F75FAF2E /* [CP] Check Pods Manifest.lock */,
				B209414028D25611003AEA25 /* Sources */,
				B209414128D25611003AEA25 /* Frameworks */,
				B209414228D25611003AEA25 /* Resources */,
				B209417228D26A35003AEA25 /* Embed Frameworks */,
				0DBCC2ED29B5E647872289A2 /* [CP] Embed Pods Frameworks */,
			);
			buildRules = (
			);
			dependencies = (
			);
			name = TwittermentiApp;
			productName = TwittermentiApp;
			productReference = B209414428D25611003AEA25 /* TwittermentiApp.app */;
			productType = "com.apple.product-type.application";
		};
/* End PBXNativeTarget section */

/* Begin PBXProject section */
		B209413C28D25611003AEA25 /* Project object */ = {
			isa = PBXProject;
			attributes = {
				BuildIndependentTargetsInParallel = 1;
				LastSwiftUpdateCheck = 1340;
				LastUpgradeCheck = 1340;
				TargetAttributes = {
					B209414328D25611003AEA25 = {
						CreatedOnToolsVersion = 13.4.1;
					};
				};
			};
			buildConfigurationList = B209413F28D25611003AEA25 /* Build configuration list for PBXProject "TwittermentiApp" */;
			compatibilityVersion = "Xcode 13.0";
			developmentRegion = en;
			hasScannedForEncodings = 0;
			knownRegions = (
				en,
				Base,
			);
			mainGroup = B209413B28D25611003AEA25;
			productRefGroup = B209414528D25611003AEA25 /* Products */;
			projectDirPath = "";
			projectReferences = (
				{
					ProductGroup = B209415E28D269F5003AEA25 /* Products */;
					ProjectRef = B209415D28D269F5003AEA25 /* Swifter.xcodeproj */;
				},
			);
			projectRoot = "";
			targets = (
				B209414328D25611003AEA25 /* TwittermentiApp */,
			);
		};
/* End PBXProject section */

/* Begin PBXReferenceProxy section */
		B209416628D269F6003AEA25 /* SwifteriOS.framework */ = {
			isa = PBXReferenceProxy;
			fileType = wrapper.framework;
			path = SwifteriOS.framework;
			remoteRef = B209416528D269F6003AEA25 /* PBXContainerItemProxy */;
			sourceTree = BUILT_PRODUCTS_DIR;
		};
		B209416828D269F6003AEA25 /* SwifterMac.framework */ = {
			isa = PBXReferenceProxy;
			fileType = wrapper.framework;
			path = SwifterMac.framework;
			remoteRef = B209416728D269F6003AEA25 /* PBXContainerItemProxy */;
			sourceTree = BUILT_PRODUCTS_DIR;
		};
		B209416A28D269F6003AEA25 /* SwifterDemoiOS.app */ = {
			isa = PBXReferenceProxy;
			fileType = wrapper.application;
			path = SwifterDemoiOS.app;
			remoteRef = B209416928D269F6003AEA25 /* PBXContainerItemProxy */;
			sourceTree = BUILT_PRODUCTS_DIR;
		};
		B209416C28D269F6003AEA25 /* SwifterDemoMac.app */ = {
			isa = PBXReferenceProxy;
			fileType = wrapper.application;
			path = SwifterDemoMac.app;
			remoteRef = B209416B28D269F6003AEA25 /* PBXContainerItemProxy */;
			sourceTree = BUILT_PRODUCTS_DIR;
		};
		B209416E28D269F6003AEA25 /* SwifterTests.xctest */ = {
			isa = PBXReferenceProxy;
			fileType = wrapper.cfbundle;
			path = SwifterTests.xctest;
			remoteRef = B209416D28D269F6003AEA25 /* PBXContainerItemProxy */;
			sourceTree = BUILT_PRODUCTS_DIR;
		};
/* End PBXReferenceProxy section */

/* Begin PBXResourcesBuildPhase section */
		B209414228D25611003AEA25 /* Resources */ = {
			isa = PBXResourcesBuildPhase;
			buildActionMask = 2147483647;
			files = (
				B209415428D25613003AEA25 /* LaunchScreen.storyboard in Resources */,
				B209415128D25613003AEA25 /* Assets.xcassets in Resources */,
				B209414F28D25611003AEA25 /* Main.storyboard in Resources */,
			);
			runOnlyForDeploymentPostprocessing = 0;
		};
/* End PBXResourcesBuildPhase section */

/* Begin PBXShellScriptBuildPhase section */
		0DBCC2ED29B5E647872289A2 /* [CP] Embed Pods Frameworks */ = {
			isa = PBXShellScriptBuildPhase;
			buildActionMask = 2147483647;
			files = (
			);
			inputFileListPaths = (
				"${PODS_ROOT}/Target Support Files/Pods-TwittermentiApp/Pods-TwittermentiApp-frameworks-${CONFIGURATION}-input-files.xcfilelist",
			);
			name = "[CP] Embed Pods Frameworks";
			outputFileListPaths = (
				"${PODS_ROOT}/Target Support Files/Pods-TwittermentiApp/Pods-TwittermentiApp-frameworks-${CONFIGURATION}-output-files.xcfilelist",
			);
			runOnlyForDeploymentPostprocessing = 0;
			shellPath = /bin/sh;
			shellScript = "\"${PODS_ROOT}/Target Support Files/Pods-TwittermentiApp/Pods-TwittermentiApp-frameworks.sh\"\n";
			showEnvVarsInLog = 0;
		};
		88DB336EED087472F75FAF2E /* [CP] Check Pods Manifest.lock */ = {
			isa = PBXShellScriptBuildPhase;
			buildActionMask = 2147483647;
			files = (
			);
			inputFileListPaths = (
			);
			inputPaths = (
				"${PODS_PODFILE_DIR_PATH}/Podfile.lock",
				"${PODS_ROOT}/Manifest.lock",
			);
			name = "[CP] Check Pods Manifest.lock";
			outputFileListPaths = (
			);
			outputPaths = (
				"$(DERIVED_FILE_DIR)/Pods-TwittermentiApp-checkManifestLockResult.txt",
			);
			runOnlyForDeploymentPostprocessing = 0;
			shellPath = /bin/sh;
			shellScript = "diff \"${PODS_PODFILE_DIR_PATH}/Podfile.lock\" \"${PODS_ROOT}/Manifest.lock\" > /dev/null\nif [ $? != 0 ] ; then\n    # print error to STDERR\n    echo \"error: The sandbox is not in sync with the Podfile.lock. Run 'pod install' or update your CocoaPods installation.\" >&2\n    exit 1\nfi\n# This output is used by Xcode 'outputs' to avoid re-running this script phase.\necho \"SUCCESS\" > \"${SCRIPT_OUTPUT_FILE_0}\"\n";
			showEnvVarsInLog = 0;
		};
/* End PBXShellScriptBuildPhase section */

/* Begin PBXSourcesBuildPhase section */
		B209414028D25611003AEA25 /* Sources */ = {
			isa = PBXSourcesBuildPhase;
			buildActionMask = 2147483647;
			files = (
				B209415C28D267D5003AEA25 /* TextClassifier.mlmodel in Sources */,
				B209414C28D25611003AEA25 /* ViewController.swift in Sources */,
				B209414828D25611003AEA25 /* AppDelegate.swift in Sources */,
				B209414A28D25611003AEA25 /* SceneDelegate.swift in Sources */,
			);
			runOnlyForDeploymentPostprocessing = 0;
		};
/* End PBXSourcesBuildPhase section */

/* Begin PBXVariantGroup section */
		B209414D28D25611003AEA25 /* Main.storyboard */ = {
			isa = PBXVariantGroup;
			children = (
				B209414E28D25611003AEA25 /* Base */,
			);
			name = Main.storyboard;
			sourceTree = "<group>";
		};
		B209415228D25613003AEA25 /* LaunchScreen.storyboard */ = {
			isa = PBXVariantGroup;
			children = (
				B209415328D25613003AEA25 /* Base */,
			);
			name = LaunchScreen.storyboard;
			sourceTree = "<group>";
		};
/* End PBXVariantGroup section */

/* Begin XCBuildConfiguration section */
		B209415628D25613003AEA25 /* Debug */ = {
			isa = XCBuildConfiguration;
			buildSettings = {
				ALWAYS_SEARCH_USER_PATHS = NO;
				CLANG_ANALYZER_NONNULL = YES;
				CLANG_ANALYZER_NUMBER_OBJECT_CONVERSION = YES_AGGRESSIVE;
				CLANG_CXX_LANGUAGE_STANDARD = "gnu++17";
				CLANG_ENABLE_MODULES = YES;
				CLANG_ENABLE_OBJC_ARC = YES;
				CLANG_ENABLE_OBJC_WEAK = YES;
				CLANG_WARN_BLOCK_CAPTURE_AUTORELEASING = YES;
				CLANG_WARN_BOOL_CONVERSION = YES;
				CLANG_WARN_COMMA = YES;
				CLANG_WARN_CONSTANT_CONVERSION = YES;
				CLANG_WARN_DEPRECATED_OBJC_IMPLEMENTATIONS = YES;
				CLANG_WARN_DIRECT_OBJC_ISA_USAGE = YES_ERROR;
				CLANG_WARN_DOCUMENTATION_COMMENTS = YES;
				CLANG_WARN_EMPTY_BODY = YES;
				CLANG_WARN_ENUM_CONVERSION = YES;
				CLANG_WARN_INFINITE_RECURSION = YES;
				CLANG_WARN_INT_CONVERSION = YES;
				CLANG_WARN_NON_LITERAL_NULL_CONVERSION = YES;
				CLANG_WARN_OBJC_IMPLICIT_RETAIN_SELF = YES;
				CLANG_WARN_OBJC_LITERAL_CONVERSION = YES;
				CLANG_WARN_OBJC_ROOT_CLASS = YES_ERROR;
				CLANG_WARN_QUOTED_INCLUDE_IN_FRAMEWORK_HEADER = YES;
				CLANG_WARN_RANGE_LOOP_ANALYSIS = YES;
				CLANG_WARN_STRICT_PROTOTYPES = YES;
				CLANG_WARN_SUSPICIOUS_MOVE = YES;
				CLANG_WARN_UNGUARDED_AVAILABILITY = YES_AGGRESSIVE;
				CLANG_WARN_UNREACHABLE_CODE = YES;
				CLANG_WARN__DUPLICATE_METHOD_MATCH = YES;
				COPY_PHASE_STRIP = NO;
				DEBUG_INFORMATION_FORMAT = dwarf;
				ENABLE_STRICT_OBJC_MSGSEND = YES;
				ENABLE_TESTABILITY = YES;
				GCC_C_LANGUAGE_STANDARD = gnu11;
				GCC_DYNAMIC_NO_PIC = NO;
				GCC_NO_COMMON_BLOCKS = YES;
				GCC_OPTIMIZATION_LEVEL = 0;
				GCC_PREPROCESSOR_DEFINITIONS = (
					"DEBUG=1",
					"$(inherited)",
				);
				GCC_WARN_64_TO_32_BIT_CONVERSION = YES;
				GCC_WARN_ABOUT_RETURN_TYPE = YES_ERROR;
				GCC_WARN_UNDECLARED_SELECTOR = YES;
				GCC_WARN_UNINITIALIZED_AUTOS = YES_AGGRESSIVE;
				GCC_WARN_UNUSED_FUNCTION = YES;
				GCC_WARN_UNUSED_VARIABLE = YES;
				IPHONEOS_DEPLOYMENT_TARGET = 15.5;
				MTL_ENABLE_DEBUG_INFO = INCLUDE_SOURCE;
				MTL_FAST_MATH = YES;
				ONLY_ACTIVE_ARCH = YES;
				SDKROOT = iphoneos;
				SWIFT_ACTIVE_COMPILATION_CONDITIONS = DEBUG;
				SWIFT_OPTIMIZATION_LEVEL = "-Onone";
			};
			name = Debug;
		};
		B209415728D25613003AEA25 /* Release */ = {
			isa = XCBuildConfiguration;
			buildSettings = {
				ALWAYS_SEARCH_USER_PATHS = NO;
				CLANG_ANALYZER_NONNULL = YES;
				CLANG_ANALYZER_NUMBER_OBJECT_CONVERSION = YES_AGGRESSIVE;
				CLANG_CXX_LANGUAGE_STANDARD = "gnu++17";
				CLANG_ENABLE_MODULES = YES;
				CLANG_ENABLE_OBJC_ARC = YES;
				CLANG_ENABLE_OBJC_WEAK = YES;
				CLANG_WARN_BLOCK_CAPTURE_AUTORELEASING = YES;
				CLANG_WARN_BOOL_CONVERSION = YES;
				CLANG_WARN_COMMA = YES;
				CLANG_WARN_CONSTANT_CONVERSION = YES;
				CLANG_WARN_DEPRECATED_OBJC_IMPLEMENTATIONS = YES;
				CLANG_WARN_DIRECT_OBJC_ISA_USAGE = YES_ERROR;
				CLANG_WARN_DOCUMENTATION_COMMENTS = YES;
				CLANG_WARN_EMPTY_BODY = YES;
				CLANG_WARN_ENUM_CONVERSION = YES;
				CLANG_WARN_INFINITE_RECURSION = YES;
				CLANG_WARN_INT_CONVERSION = YES;
				CLANG_WARN_NON_LITERAL_NULL_CONVERSION = YES;
				CLANG_WARN_OBJC_IMPLICIT_RETAIN_SELF = YES;
				CLANG_WARN_OBJC_LITERAL_CONVERSION = YES;
				CLANG_WARN_OBJC_ROOT_CLASS = YES_ERROR;
				CLANG_WARN_QUOTED_INCLUDE_IN_FRAMEWORK_HEADER = YES;
				CLANG_WARN_RANGE_LOOP_ANALYSIS = YES;
				CLANG_WARN_STRICT_PROTOTYPES = YES;
				CLANG_WARN_SUSPICIOUS_MOVE = YES;
				CLANG_WARN_UNGUARDED_AVAILABILITY = YES_AGGRESSIVE;
				CLANG_WARN_UNREACHABLE_CODE = YES;
				CLANG_WARN__DUPLICATE_METHOD_MATCH = YES;
				COPY_PHASE_STRIP = NO;
				DEBUG_INFORMATION_FORMAT = "dwarf-with-dsym";
				ENABLE_NS_ASSERTIONS = NO;
				ENABLE_STRICT_OBJC_MSGSEND = YES;
				GCC_C_LANGUAGE_STANDARD = gnu11;
				GCC_NO_COMMON_BLOCKS = YES;
				GCC_WARN_64_TO_32_BIT_CONVERSION = YES;
				GCC_WARN_ABOUT_RETURN_TYPE = YES_ERROR;
				GCC_WARN_UNDECLARED_SELECTOR = YES;
				GCC_WARN_UNINITIALIZED_AUTOS = YES_AGGRESSIVE;
				GCC_WARN_UNUSED_FUNCTION = YES;
				GCC_WARN_UNUSED_VARIABLE = YES;
				IPHONEOS_DEPLOYMENT_TARGET = 15.5;
				MTL_ENABLE_DEBUG_INFO = NO;
				MTL_FAST_MATH = YES;
				SDKROOT = iphoneos;
				SWIFT_COMPILATION_MODE = wholemodule;
				SWIFT_OPTIMIZATION_LEVEL = "-O";
				VALIDATE_PRODUCT = YES;
			};
			name = Release;
		};
		B209415928D25613003AEA25 /* Debug */ = {
			isa = XCBuildConfiguration;
			baseConfigurationReference = 9D11C73B2D3D8CFCB23F29F4 /* Pods-TwittermentiApp.debug.xcconfig */;
			buildSettings = {
				ASSETCATALOG_COMPILER_APPICON_NAME = AppIcon;
				ASSETCATALOG_COMPILER_GLOBAL_ACCENT_COLOR_NAME = AccentColor;
				CODE_SIGN_STYLE = Automatic;
				CURRENT_PROJECT_VERSION = 1;
				GENERATE_INFOPLIST_FILE = YES;
				INFOPLIST_FILE = TwittermentiApp/Info.plist;
				INFOPLIST_KEY_UIApplicationSupportsIndirectInputEvents = YES;
				INFOPLIST_KEY_UILaunchStoryboardName = LaunchScreen;
				INFOPLIST_KEY_UIMainStoryboardFile = Main;
				INFOPLIST_KEY_UISupportedInterfaceOrientations_iPad = "UIInterfaceOrientationPortrait UIInterfaceOrientationPortraitUpsideDown UIInterfaceOrientationLandscapeLeft UIInterfaceOrientationLandscapeRight";
				INFOPLIST_KEY_UISupportedInterfaceOrientations_iPhone = "UIInterfaceOrientationPortrait UIInterfaceOrientationLandscapeLeft UIInterfaceOrientationLandscapeRight";
				LD_RUNPATH_SEARCH_PATHS = (
					"$(inherited)",
					"@executable_path/Frameworks",
				);
				MARKETING_VERSION = 1.0;
				PRODUCT_BUNDLE_IDENTIFIER = com.thoughtworks.TwittermentiApp;
				PRODUCT_NAME = "$(TARGET_NAME)";
				SWIFT_EMIT_LOC_STRINGS = YES;
				SWIFT_VERSION = 5.0;
				TARGETED_DEVICE_FAMILY = "1,2";
			};
			name = Debug;
		};
		B209415A28D25613003AEA25 /* Release */ = {
			isa = XCBuildConfiguration;
			baseConfigurationReference = 78B968D040A3A2E03C5B44F5 /* Pods-TwittermentiApp.release.xcconfig */;
			buildSettings = {
				ASSETCATALOG_COMPILER_APPICON_NAME = AppIcon;
				ASSETCATALOG_COMPILER_GLOBAL_ACCENT_COLOR_NAME = AccentColor;
				CODE_SIGN_STYLE = Automatic;
				CURRENT_PROJECT_VERSION = 1;
				GENERATE_INFOPLIST_FILE = YES;
				INFOPLIST_FILE = TwittermentiApp/Info.plist;
				INFOPLIST_KEY_UIApplicationSupportsIndirectInputEvents = YES;
				INFOPLIST_KEY_UILaunchStoryboardName = LaunchScreen;
				INFOPLIST_KEY_UIMainStoryboardFile = Main;
				INFOPLIST_KEY_UISupportedInterfaceOrientations_iPad = "UIInterfaceOrientationPortrait UIInterfaceOrientationPortraitUpsideDown UIInterfaceOrientationLandscapeLeft UIInterfaceOrientationLandscapeRight";
				INFOPLIST_KEY_UISupportedInterfaceOrientations_iPhone = "UIInterfaceOrientationPortrait UIInterfaceOrientationLandscapeLeft UIInterfaceOrientationLandscapeRight";
				LD_RUNPATH_SEARCH_PATHS = (
					"$(inherited)",
					"@executable_path/Frameworks",
				);
				MARKETING_VERSION = 1.0;
				PRODUCT_BUNDLE_IDENTIFIER = com.thoughtworks.TwittermentiApp;
				PRODUCT_NAME = "$(TARGET_NAME)";
				SWIFT_EMIT_LOC_STRINGS = YES;
				SWIFT_VERSION = 5.0;
				TARGETED_DEVICE_FAMILY = "1,2";
			};
			name = Release;
		};
/* End XCBuildConfiguration section */

/* Begin XCConfigurationList section */
		B209413F28D25611003AEA25 /* Build configuration list for PBXProject "TwittermentiApp" */ = {
			isa = XCConfigurationList;
			buildConfigurations = (
				B209415628D25613003AEA25 /* Debug */,
				B209415728D25613003AEA25 /* Release */,
			);
			defaultConfigurationIsVisible = 0;
			defaultConfigurationName = Release;
		};
		B209415828D25613003AEA25 /* Build configuration list for PBXNativeTarget "TwittermentiApp" */ = {
			isa = XCConfigurationList;
			buildConfigurations = (
				B209415928D25613003AEA25 /* Debug */,
				B209415A28D25613003AEA25 /* Release */,
			);
			defaultConfigurationIsVisible = 0;
			defaultConfigurationName = Release;
		};
/* End XCConfigurationList section */
	};
	rootObject = B209413C28D25611003AEA25 /* Project object */;
}
